
Microsoft Visual Studio Solution File, Format Version 12.00
# Visual Studio Version 17
VisualStudioVersion = 17.3.32819.101
MinimumVisualStudioVersion = 10.0.40219.1
Project("{9A19103F-16F7-4668-BE54-9A1E7A4F7556}") = "taxcalculator.webapi", "taxcalculator.webapi\taxcalculator.webapi.csproj", "{5D79FED1-95CB-421F-A34C-BF5D69757E9D}"
EndProject
Project("{9A19103F-16F7-4668-BE54-9A1E7A4F7556}") = "congestion-tax-calculator-net-core", "taxcalculator\congestion-tax-calculator-net-core.csproj", "{09663356-14C3-4BD4-BB78-5D916BE004DB}"
EndProject
Global
	GlobalSection(SolutionConfigurationPlatforms) = preSolution
		Debug|Any CPU = Debug|Any CPU
		Release|Any CPU = Release|Any CPU
	EndGlobalSection
	GlobalSection(ProjectConfigurationPlatforms) = postSolution
		{5D79FED1-95CB-421F-A34C-BF5D69757E9D}.Debug|Any CPU.ActiveCfg = Debug|Any CPU
		{5D79FED1-95CB-421F-A34C-BF5D69757E9D}.Debug|Any CPU.Build.0 = Debug|Any CPU
		{5D79FED1-95CB-421F-A34C-BF5D69757E9D}.Release|Any CPU.ActiveCfg = Release|Any CPU
		{5D79FED1-95CB-421F-A34C-BF5D69757E9D}.Release|Any CPU.Build.0 = Release|Any CPU
		{09663356-14C3-4BD4-BB78-5D916BE004DB}.Debug|Any CPU.ActiveCfg = Debug|Any CPU
		{09663356-14C3-4BD4-BB78-5D916BE004DB}.Debug|Any CPU.Build.0 = Debug|Any CPU
		{09663356-14C3-4BD4-BB78-5D916BE004DB}.Release|Any CPU.ActiveCfg = Release|Any CPU
		{09663356-14C3-4BD4-BB78-5D916BE004DB}.Release|Any CPU.Build.0 = Release|Any CPU
	EndGlobalSection
	GlobalSection(SolutionProperties) = preSolution
		HideSolutionNode = FALSE
	EndGlobalSection
	GlobalSection(ExtensibilityGlobals) = postSolution
		SolutionGuid = {7CE0BD4E-994E-4180-8067-89BCA3D65BF2}
	EndGlobalSection
EndGlobal
